
Microsoft Visual Studio Solution File, Format Version 12.00
# Visual Studio Version 17
VisualStudioVersion = 17.0.32112.339
MinimumVisualStudioVersion = 10.0.40219.1
Project("{FAE04EC0-301F-11D3-BF4B-00C04F79EFBC}") = "GroupGridView", "GroupGridView\GroupGridView.csproj", "{423C7A3D-15E2-4EFB-B50D-282D8EBCAF50}"
EndProject
Project("{FAE04EC0-301F-11D3-BF4B-00C04F79EFBC}") = "GroupGridViewApp", "GroupGridViewApp\GroupGridViewApp.csproj", "{C1E4B878-FC96-40BA-A9D8-37AE53900F7C}"
	ProjectSection(ProjectDependencies) = postProject
		{423C7A3D-15E2-4EFB-B50D-282D8EBCAF50} = {423C7A3D-15E2-4EFB-B50D-282D8EBCAF50}
	EndProjectSection
EndProject
Global
	GlobalSection(SolutionConfigurationPlatforms) = preSolution
		Debug|Any CPU = Debug|Any CPU
		Release|Any CPU = Release|Any CPU
	EndGlobalSection
	GlobalSection(ProjectConfigurationPlatforms) = postSolution
		{423C7A3D-15E2-4EFB-B50D-282D8EBCAF50}.Debug|Any CPU.ActiveCfg = Debug|Any CPU
		{423C7A3D-15E2-4EFB-B50D-282D8EBCAF50}.Debug|Any CPU.Build.0 = Debug|Any CPU
		{423C7A3D-15E2-4EFB-B50D-282D8EBCAF50}.Release|Any CPU.ActiveCfg = Release|Any CPU
		{423C7A3D-15E2-4EFB-B50D-282D8EBCAF50}.Release|Any CPU.Build.0 = Release|Any CPU
		{C1E4B878-FC96-40BA-A9D8-37AE53900F7C}.Debug|Any CPU.ActiveCfg = Debug|Any CPU
		{C1E4B878-FC96-40BA-A9D8-37AE53900F7C}.Debug|Any CPU.Build.0 = Debug|Any CPU
		{C1E4B878-FC96-40BA-A9D8-37AE53900F7C}.Release|Any CPU.ActiveCfg = Release|Any CPU
		{C1E4B878-FC96-40BA-A9D8-37AE53900F7C}.Release|Any CPU.Build.0 = Release|Any CPU
	EndGlobalSection
	GlobalSection(SolutionProperties) = preSolution
		HideSolutionNode = FALSE
	EndGlobalSection
	GlobalSection(ExtensibilityGlobals) = postSolution
		SolutionGuid = {ECB23429-310C-424D-9AA3-0F1ABDEE76C4}
	EndGlobalSection
EndGlobal
